
Microsoft Visual Studio Solution File, Format Version 12.00
# Visual Studio Version 17
VisualStudioVersion = 17.8.34330.188
MinimumVisualStudioVersion = 10.0.40219.1
Project("{FAE04EC0-301F-11D3-BF4B-00C04F79EFBC}") = "CookieClicker", "CookieClicker\CookieClicker.csproj", "{DFC4E8FB-3963-4CE6-A0BF-59556D23EA26}"
EndProject
Global
	GlobalSection(SolutionConfigurationPlatforms) = preSolution
		Debug|Any CPU = Debug|Any CPU
		Release|Any CPU = Release|Any CPU
	EndGlobalSection
	GlobalSection(ProjectConfigurationPlatforms) = postSolution
		{DFC4E8FB-3963-4CE6-A0BF-59556D23EA26}.Debug|Any CPU.ActiveCfg = Debug|Any CPU
		{DFC4E8FB-3963-4CE6-A0BF-59556D23EA26}.Debug|Any CPU.Build.0 = Debug|Any CPU
		{DFC4E8FB-3963-4CE6-A0BF-59556D23EA26}.Release|Any CPU.ActiveCfg = Release|Any CPU
		{DFC4E8FB-3963-4CE6-A0BF-59556D23EA26}.Release|Any CPU.Build.0 = Release|Any CPU
	EndGlobalSection
	GlobalSection(SolutionProperties) = preSolution
		HideSolutionNode = FALSE
	EndGlobalSection
	GlobalSection(ExtensibilityGlobals) = postSolution
		SolutionGuid = {BDF955A0-2670-4F5D-9774-6368CFC673EA}
	EndGlobalSection
EndGlobal
